
Microsoft Visual Studio Solution File, Format Version 12.00
# Visual Studio 14
VisualStudioVersion = 14.0.25420.1
MinimumVisualStudioVersion = 10.0.40219.1
Project("{2150E333-8FDC-42A3-9474-1A3956D46DE8}") = "Deployment", "Deployment", "{9EEC8DD1-1ECF-440C-988C-0A2E2184235A}"
	ProjectSection(SolutionItems) = preProject
		Deployment\DeploymentChecklist.txt = Deployment\DeploymentChecklist.txt
		Deployment\Manual tests.txt = Deployment\Manual tests.txt
		..\README.md = ..\README.md
		..\set_version.cmd = ..\set_version.cmd
		Deployment\SolutionInfo.cs = Deployment\SolutionInfo.cs
		Deployment\SolutionVersionInfo.cs = Deployment\SolutionVersionInfo.cs
	EndProjectSection
EndProject
Project("{FAE04EC0-301F-11D3-BF4B-00C04F79EFBC}") = "logview4net", "App\logview4net.csproj", "{17ED17E8-BE14-40C5-930C-7C74161CAE75}"
EndProject
Project("{FAE04EC0-301F-11D3-BF4B-00C04F79EFBC}") = "logview4net.core", "logview4net.core\logview4net.core.csproj", "{A7341CBC-91AD-4046-BB92-5DB51F282E1A}"
EndProject
Project("{FAE04EC0-301F-11D3-BF4B-00C04F79EFBC}") = "logview4netTest", "logview4netTest\logview4netTest.csproj", "{DEEBAC54-3569-4955-97C7-395BEB8F4420}"
EndProject
Project("{FAE04EC0-301F-11D3-BF4B-00C04F79EFBC}") = "logview4net.mslisteners", "logview4net.mslisteners\logview4net.mslisteners.csproj", "{89826B9C-6230-479B-9130-B0B90FF0D3AB}"
EndProject
Project("{FAE04EC0-301F-11D3-BF4B-00C04F79EFBC}") = "logview4net.mysqllistener", "logview4net.mysqllistener\logview4net.mysqllistener.csproj", "{BF77AF0C-9D8E-4C39-B275-CAAC2AFF14AF}"
EndProject
Global
	GlobalSection(SolutionConfigurationPlatforms) = preSolution
		Debug|Any CPU = Debug|Any CPU
		Debug|x86 = Debug|x86
		Release|Any CPU = Release|Any CPU
		Release|x86 = Release|x86
	EndGlobalSection
	GlobalSection(ProjectConfigurationPlatforms) = postSolution
		{17ED17E8-BE14-40C5-930C-7C74161CAE75}.Debug|Any CPU.ActiveCfg = Debug|Any CPU
		{17ED17E8-BE14-40C5-930C-7C74161CAE75}.Debug|Any CPU.Build.0 = Debug|Any CPU
		{17ED17E8-BE14-40C5-930C-7C74161CAE75}.Debug|x86.ActiveCfg = Debug|x86
		{17ED17E8-BE14-40C5-930C-7C74161CAE75}.Debug|x86.Build.0 = Debug|x86
		{17ED17E8-BE14-40C5-930C-7C74161CAE75}.Release|Any CPU.ActiveCfg = Release|Any CPU
		{17ED17E8-BE14-40C5-930C-7C74161CAE75}.Release|Any CPU.Build.0 = Release|Any CPU
		{17ED17E8-BE14-40C5-930C-7C74161CAE75}.Release|x86.ActiveCfg = Release|x86
		{17ED17E8-BE14-40C5-930C-7C74161CAE75}.Release|x86.Build.0 = Release|x86
		{A7341CBC-91AD-4046-BB92-5DB51F282E1A}.Debug|Any CPU.ActiveCfg = Debug|Any CPU
		{A7341CBC-91AD-4046-BB92-5DB51F282E1A}.Debug|Any CPU.Build.0 = Debug|Any CPU
		{A7341CBC-91AD-4046-BB92-5DB51F282E1A}.Debug|x86.ActiveCfg = Debug|x86
		{A7341CBC-91AD-4046-BB92-5DB51F282E1A}.Debug|x86.Build.0 = Debug|x86
		{A7341CBC-91AD-4046-BB92-5DB51F282E1A}.Release|Any CPU.ActiveCfg = Release|Any CPU
		{A7341CBC-91AD-4046-BB92-5DB51F282E1A}.Release|Any CPU.Build.0 = Release|Any CPU
		{A7341CBC-91AD-4046-BB92-5DB51F282E1A}.Release|x86.ActiveCfg = Release|Any CPU
		{A7341CBC-91AD-4046-BB92-5DB51F282E1A}.Release|x86.Build.0 = Release|Any CPU
		{DEEBAC54-3569-4955-97C7-395BEB8F4420}.Debug|Any CPU.ActiveCfg = Debug|Any CPU
		{DEEBAC54-3569-4955-97C7-395BEB8F4420}.Debug|Any CPU.Build.0 = Debug|Any CPU
		{DEEBAC54-3569-4955-97C7-395BEB8F4420}.Debug|x86.ActiveCfg = Debug|x86
		{DEEBAC54-3569-4955-97C7-395BEB8F4420}.Debug|x86.Build.0 = Debug|x86
		{DEEBAC54-3569-4955-97C7-395BEB8F4420}.Release|Any CPU.ActiveCfg = Release|Any CPU
		{DEEBAC54-3569-4955-97C7-395BEB8F4420}.Release|Any CPU.Build.0 = Release|Any CPU
		{DEEBAC54-3569-4955-97C7-395BEB8F4420}.Release|x86.ActiveCfg = Release|Any CPU
		{DEEBAC54-3569-4955-97C7-395BEB8F4420}.Release|x86.Build.0 = Release|Any CPU
		{89826B9C-6230-479B-9130-B0B90FF0D3AB}.Debug|Any CPU.ActiveCfg = Debug|Any CPU
		{89826B9C-6230-479B-9130-B0B90FF0D3AB}.Debug|Any CPU.Build.0 = Debug|Any CPU
		{89826B9C-6230-479B-9130-B0B90FF0D3AB}.Debug|x86.ActiveCfg = Debug|x86
		{89826B9C-6230-479B-9130-B0B90FF0D3AB}.Debug|x86.Build.0 = Debug|x86
		{89826B9C-6230-479B-9130-B0B90FF0D3AB}.Release|Any CPU.ActiveCfg = Release|Any CPU
		{89826B9C-6230-479B-9130-B0B90FF0D3AB}.Release|Any CPU.Build.0 = Release|Any CPU
		{89826B9C-6230-479B-9130-B0B90FF0D3AB}.Release|x86.ActiveCfg = Release|Any CPU
		{89826B9C-6230-479B-9130-B0B90FF0D3AB}.Release|x86.Build.0 = Release|Any CPU
		{BF77AF0C-9D8E-4C39-B275-CAAC2AFF14AF}.Debug|Any CPU.ActiveCfg = Debug|Any CPU
		{BF77AF0C-9D8E-4C39-B275-CAAC2AFF14AF}.Debug|Any CPU.Build.0 = Debug|Any CPU
		{BF77AF0C-9D8E-4C39-B275-CAAC2AFF14AF}.Debug|x86.ActiveCfg = Debug|x86
		{BF77AF0C-9D8E-4C39-B275-CAAC2AFF14AF}.Debug|x86.Build.0 = Debug|x86
		{BF77AF0C-9D8E-4C39-B275-CAAC2AFF14AF}.Release|Any CPU.ActiveCfg = Release|Any CPU
		{BF77AF0C-9D8E-4C39-B275-CAAC2AFF14AF}.Release|Any CPU.Build.0 = Release|Any CPU
		{BF77AF0C-9D8E-4C39-B275-CAAC2AFF14AF}.Release|x86.ActiveCfg = Release|Any CPU
		{BF77AF0C-9D8E-4C39-B275-CAAC2AFF14AF}.Release|x86.Build.0 = Release|Any CPU
	EndGlobalSection
	GlobalSection(SolutionProperties) = preSolution
		HideSolutionNode = FALSE
	EndGlobalSection
	GlobalSection(SubversionScc) = preSolution
		Svn-Managed = True
		Manager = AnkhSVN - Subversion Support for Visual Studio
	EndGlobalSection
EndGlobal
